
Microsoft Visual Studio Solution File, Format Version 12.00
# Visual Studio 15
Project("{FAE04EC0-301F-11D3-BF4B-00C04F79EFBC}") = "Assembly-CSharp", "Assembly-CSharp.csproj", "{29716DB5-305B-3876-BB77-4BB540E62713}"
EndProject
Project("{FAE04EC0-301F-11D3-BF4B-00C04F79EFBC}") = "VuforiaScripts", "VuforiaScripts.csproj", "{D6C2F407-E9B9-7DE8-9312-4E3554E3711F}"
EndProject
Project("{FAE04EC0-301F-11D3-BF4B-00C04F79EFBC}") = "Assembly-CSharp-Editor", "Assembly-CSharp-Editor.csproj", "{792020E0-9714-824E-C827-7341DEBE956B}"
EndProject
Project("{FAE04EC0-301F-11D3-BF4B-00C04F79EFBC}") = "VuforiaEditorScripts", "VuforiaEditorScripts.csproj", "{040703F5-96CD-3BD2-DDE5-ECBA9C49E13F}"
EndProject
Global
	GlobalSection(SolutionConfigurationPlatforms) = preSolution
		Debug|Any CPU = Debug|Any CPU
		Release|Any CPU = Release|Any CPU
	EndGlobalSection
	GlobalSection(ProjectConfigurationPlatforms) = postSolution
		{29716DB5-305B-3876-BB77-4BB540E62713}.Debug|Any CPU.ActiveCfg = Debug|Any CPU
		{29716DB5-305B-3876-BB77-4BB540E62713}.Debug|Any CPU.Build.0 = Debug|Any CPU
		{29716DB5-305B-3876-BB77-4BB540E62713}.Release|Any CPU.ActiveCfg = Release|Any CPU
		{29716DB5-305B-3876-BB77-4BB540E62713}.Release|Any CPU.Build.0 = Release|Any CPU
		{D6C2F407-E9B9-7DE8-9312-4E3554E3711F}.Debug|Any CPU.ActiveCfg = Debug|Any CPU
		{D6C2F407-E9B9-7DE8-9312-4E3554E3711F}.Debug|Any CPU.Build.0 = Debug|Any CPU
		{D6C2F407-E9B9-7DE8-9312-4E3554E3711F}.Release|Any CPU.ActiveCfg = Release|Any CPU
		{D6C2F407-E9B9-7DE8-9312-4E3554E3711F}.Release|Any CPU.Build.0 = Release|Any CPU
		{792020E0-9714-824E-C827-7341DEBE956B}.Debug|Any CPU.ActiveCfg = Debug|Any CPU
		{792020E0-9714-824E-C827-7341DEBE956B}.Debug|Any CPU.Build.0 = Debug|Any CPU
		{792020E0-9714-824E-C827-7341DEBE956B}.Release|Any CPU.ActiveCfg = Release|Any CPU
		{792020E0-9714-824E-C827-7341DEBE956B}.Release|Any CPU.Build.0 = Release|Any CPU
		{040703F5-96CD-3BD2-DDE5-ECBA9C49E13F}.Debug|Any CPU.ActiveCfg = Debug|Any CPU
		{040703F5-96CD-3BD2-DDE5-ECBA9C49E13F}.Debug|Any CPU.Build.0 = Debug|Any CPU
		{040703F5-96CD-3BD2-DDE5-ECBA9C49E13F}.Release|Any CPU.ActiveCfg = Release|Any CPU
		{040703F5-96CD-3BD2-DDE5-ECBA9C49E13F}.Release|Any CPU.Build.0 = Release|Any CPU
	EndGlobalSection
	GlobalSection(SolutionProperties) = preSolution
		HideSolutionNode = FALSE
	EndGlobalSection
EndGlobal
